
Microsoft Visual Studio Solution File, Format Version 12.00
# Visual Studio Version 17
VisualStudioVersion = 17.2.32602.215
MinimumVisualStudioVersion = 10.0.40219.1
Project("{2150E333-8FDC-42A3-9474-1A3956D46DE8}") = "Services", "Services", "{4342BB9E-E31C-448C-B60A-B606D0810C09}"
EndProject
Project("{2150E333-8FDC-42A3-9474-1A3956D46DE8}") = "Catalog", "Catalog", "{6DD3EDCC-5799-48C9-9631-7F5CF70A37FF}"
EndProject
Project("{9A19103F-16F7-4668-BE54-9A1E7A4F7556}") = "Catalog.API", "Services\Catalog\Catalog.API\Catalog.API.csproj", "{D1A54E4C-B403-4327-B86F-B9210B0FA1C0}"
EndProject
Project("{E53339B2-1760-4266-BCC7-CA923CBCF16C}") = "docker-compose", "docker-compose.dcproj", "{87E0D52A-BBA9-482E-B7C6-6612893B22C7}"
EndProject
Project("{2150E333-8FDC-42A3-9474-1A3956D46DE8}") = "Basket", "Basket", "{EC17C83C-98DA-4FC4-826E-F29A610F37AB}"
EndProject
Project("{9A19103F-16F7-4668-BE54-9A1E7A4F7556}") = "Basket.API", "Services\Basket\Basket.API\Basket.API.csproj", "{FB61038B-209B-4887-AD09-77EEA514A383}"
EndProject
Project("{2150E333-8FDC-42A3-9474-1A3956D46DE8}") = "Discount", "Discount", "{077C0D9A-63FA-4CA4-8F44-1CD92AAB5782}"
EndProject
Project("{9A19103F-16F7-4668-BE54-9A1E7A4F7556}") = "Discount.API", "Services\Discount\Discount.API\Discount.API.csproj", "{82DA4E01-94A4-4E29-9823-9DC39495AB16}"
EndProject
Project("{2150E333-8FDC-42A3-9474-1A3956D46DE8}") = "Ordering", "Ordering", "{346E8EC9-3BAA-44DC-BB86-8711B4FB535C}"
EndProject
Project("{9A19103F-16F7-4668-BE54-9A1E7A4F7556}") = "Ordering.API", "Services\Ordering\Ordering.API\Ordering.API.csproj", "{F1815D66-E993-4AE0-8CC7-F3EFFDC6EF33}"
EndProject
Project("{9A19103F-16F7-4668-BE54-9A1E7A4F7556}") = "Ordering.Domain", "Services\Ordering\Ordering.Domain\Ordering.Domain.csproj", "{5736E91D-1561-45E1-AE23-C52AD9830D57}"
EndProject
Project("{9A19103F-16F7-4668-BE54-9A1E7A4F7556}") = "Ordering.Application", "Services\Ordering\Ordering.Application\Ordering.Application.csproj", "{461D050F-953A-4176-ACB8-3FA473A1544A}"
EndProject
Project("{9A19103F-16F7-4668-BE54-9A1E7A4F7556}") = "Ordering.Infrastructure", "Services\Ordering\Ordering.Infrastructure\Ordering.Infrastructure.csproj", "{69FC8897-55E9-40BF-89D6-0DDA5731237A}"
EndProject
Project("{2150E333-8FDC-42A3-9474-1A3956D46DE8}") = "BuildingBlocks", "BuildingBlocks", "{F35BB30B-1D06-4D88-9BEE-2C5680899314}"
EndProject
Project("{9A19103F-16F7-4668-BE54-9A1E7A4F7556}") = "Common.Logging", "BuildingBlocks\Common.Logging\Common.Logging.csproj", "{1B9EA16D-F076-4EF0-B996-75A374D79685}"
EndProject
Project("{9A19103F-16F7-4668-BE54-9A1E7A4F7556}") = "EventBus.Messages", "BuildingBlocks\EventBus.Messages\EventBus.Messages.csproj", "{16829DFC-B0C1-4C8C-AEA3-F8422B1D4B04}"
EndProject
Project("{2150E333-8FDC-42A3-9474-1A3956D46DE8}") = "ApiGateways", "ApiGateways", "{902E7883-9107-4DBA-8213-CAC3EBC5BBFF}"
EndProject
Project("{9A19103F-16F7-4668-BE54-9A1E7A4F7556}") = "Shopping.Aggregator", "ApiGateways\Shopping.Aggregator\Shopping.Aggregator.csproj", "{16DDD55D-53DC-4813-8D57-930251735910}"
EndProject
Project("{9A19103F-16F7-4668-BE54-9A1E7A4F7556}") = "OcelotApiGw", "ApiGateways\OcelotApiGw\OcelotApiGw.csproj", "{4E9B7D15-59AE-4C65-AD5A-21F83CCDD976}"
EndProject
Project("{FAE04EC0-301F-11D3-BF4B-00C04F79EFBC}") = "Discount.Grpc", "Services\Discount\Discount.Grpc\Discount.Grpc.csproj", "{524EC0E1-477F-4548-9A08-A00AF17E22B6}"
EndProject
Global
	GlobalSection(SolutionConfigurationPlatforms) = preSolution
		Debug|Any CPU = Debug|Any CPU
		Release|Any CPU = Release|Any CPU
	EndGlobalSection
	GlobalSection(ProjectConfigurationPlatforms) = postSolution
		{D1A54E4C-B403-4327-B86F-B9210B0FA1C0}.Debug|Any CPU.ActiveCfg = Debug|Any CPU
		{D1A54E4C-B403-4327-B86F-B9210B0FA1C0}.Debug|Any CPU.Build.0 = Debug|Any CPU
		{D1A54E4C-B403-4327-B86F-B9210B0FA1C0}.Release|Any CPU.ActiveCfg = Release|Any CPU
		{D1A54E4C-B403-4327-B86F-B9210B0FA1C0}.Release|Any CPU.Build.0 = Release|Any CPU
		{87E0D52A-BBA9-482E-B7C6-6612893B22C7}.Debug|Any CPU.ActiveCfg = Debug|Any CPU
		{87E0D52A-BBA9-482E-B7C6-6612893B22C7}.Debug|Any CPU.Build.0 = Debug|Any CPU
		{87E0D52A-BBA9-482E-B7C6-6612893B22C7}.Release|Any CPU.ActiveCfg = Release|Any CPU
		{87E0D52A-BBA9-482E-B7C6-6612893B22C7}.Release|Any CPU.Build.0 = Release|Any CPU
		{FB61038B-209B-4887-AD09-77EEA514A383}.Debug|Any CPU.ActiveCfg = Debug|Any CPU
		{FB61038B-209B-4887-AD09-77EEA514A383}.Debug|Any CPU.Build.0 = Debug|Any CPU
		{FB61038B-209B-4887-AD09-77EEA514A383}.Release|Any CPU.ActiveCfg = Release|Any CPU
		{FB61038B-209B-4887-AD09-77EEA514A383}.Release|Any CPU.Build.0 = Release|Any CPU
		{82DA4E01-94A4-4E29-9823-9DC39495AB16}.Debug|Any CPU.ActiveCfg = Debug|Any CPU
		{82DA4E01-94A4-4E29-9823-9DC39495AB16}.Debug|Any CPU.Build.0 = Debug|Any CPU
		{82DA4E01-94A4-4E29-9823-9DC39495AB16}.Release|Any CPU.ActiveCfg = Release|Any CPU
		{82DA4E01-94A4-4E29-9823-9DC39495AB16}.Release|Any CPU.Build.0 = Release|Any CPU
		{F1815D66-E993-4AE0-8CC7-F3EFFDC6EF33}.Debug|Any CPU.ActiveCfg = Debug|Any CPU
		{F1815D66-E993-4AE0-8CC7-F3EFFDC6EF33}.Debug|Any CPU.Build.0 = Debug|Any CPU
		{F1815D66-E993-4AE0-8CC7-F3EFFDC6EF33}.Release|Any CPU.ActiveCfg = Release|Any CPU
		{F1815D66-E993-4AE0-8CC7-F3EFFDC6EF33}.Release|Any CPU.Build.0 = Release|Any CPU
		{5736E91D-1561-45E1-AE23-C52AD9830D57}.Debug|Any CPU.ActiveCfg = Debug|Any CPU
		{5736E91D-1561-45E1-AE23-C52AD9830D57}.Debug|Any CPU.Build.0 = Debug|Any CPU
		{5736E91D-1561-45E1-AE23-C52AD9830D57}.Release|Any CPU.ActiveCfg = Release|Any CPU
		{5736E91D-1561-45E1-AE23-C52AD9830D57}.Release|Any CPU.Build.0 = Release|Any CPU
		{461D050F-953A-4176-ACB8-3FA473A1544A}.Debug|Any CPU.ActiveCfg = Debug|Any CPU
		{461D050F-953A-4176-ACB8-3FA473A1544A}.Debug|Any CPU.Build.0 = Debug|Any CPU
		{461D050F-953A-4176-ACB8-3FA473A1544A}.Release|Any CPU.ActiveCfg = Release|Any CPU
		{461D050F-953A-4176-ACB8-3FA473A1544A}.Release|Any CPU.Build.0 = Release|Any CPU
		{69FC8897-55E9-40BF-89D6-0DDA5731237A}.Debug|Any CPU.ActiveCfg = Debug|Any CPU
		{69FC8897-55E9-40BF-89D6-0DDA5731237A}.Debug|Any CPU.Build.0 = Debug|Any CPU
		{69FC8897-55E9-40BF-89D6-0DDA5731237A}.Release|Any CPU.ActiveCfg = Release|Any CPU
		{69FC8897-55E9-40BF-89D6-0DDA5731237A}.Release|Any CPU.Build.0 = Release|Any CPU
		{1B9EA16D-F076-4EF0-B996-75A374D79685}.Debug|Any CPU.ActiveCfg = Debug|Any CPU
		{1B9EA16D-F076-4EF0-B996-75A374D79685}.Debug|Any CPU.Build.0 = Debug|Any CPU
		{1B9EA16D-F076-4EF0-B996-75A374D79685}.Release|Any CPU.ActiveCfg = Release|Any CPU
		{1B9EA16D-F076-4EF0-B996-75A374D79685}.Release|Any CPU.Build.0 = Release|Any CPU
		{16829DFC-B0C1-4C8C-AEA3-F8422B1D4B04}.Debug|Any CPU.ActiveCfg = Debug|Any CPU
		{16829DFC-B0C1-4C8C-AEA3-F8422B1D4B04}.Debug|Any CPU.Build.0 = Debug|Any CPU
		{16829DFC-B0C1-4C8C-AEA3-F8422B1D4B04}.Release|Any CPU.ActiveCfg = Release|Any CPU
		{16829DFC-B0C1-4C8C-AEA3-F8422B1D4B04}.Release|Any CPU.Build.0 = Release|Any CPU
		{16DDD55D-53DC-4813-8D57-930251735910}.Debug|Any CPU.ActiveCfg = Debug|Any CPU
		{16DDD55D-53DC-4813-8D57-930251735910}.Debug|Any CPU.Build.0 = Debug|Any CPU
		{16DDD55D-53DC-4813-8D57-930251735910}.Release|Any CPU.ActiveCfg = Release|Any CPU
		{16DDD55D-53DC-4813-8D57-930251735910}.Release|Any CPU.Build.0 = Release|Any CPU
		{4E9B7D15-59AE-4C65-AD5A-21F83CCDD976}.Debug|Any CPU.ActiveCfg = Debug|Any CPU
		{4E9B7D15-59AE-4C65-AD5A-21F83CCDD976}.Debug|Any CPU.Build.0 = Debug|Any CPU
		{4E9B7D15-59AE-4C65-AD5A-21F83CCDD976}.Release|Any CPU.ActiveCfg = Release|Any CPU
		{4E9B7D15-59AE-4C65-AD5A-21F83CCDD976}.Release|Any CPU.Build.0 = Release|Any CPU
		{524EC0E1-477F-4548-9A08-A00AF17E22B6}.Debug|Any CPU.ActiveCfg = Debug|Any CPU
		{524EC0E1-477F-4548-9A08-A00AF17E22B6}.Debug|Any CPU.Build.0 = Debug|Any CPU
		{524EC0E1-477F-4548-9A08-A00AF17E22B6}.Release|Any CPU.ActiveCfg = Release|Any CPU
		{524EC0E1-477F-4548-9A08-A00AF17E22B6}.Release|Any CPU.Build.0 = Release|Any CPU
	EndGlobalSection
	GlobalSection(SolutionProperties) = preSolution
		HideSolutionNode = FALSE
	EndGlobalSection
	GlobalSection(NestedProjects) = preSolution
		{6DD3EDCC-5799-48C9-9631-7F5CF70A37FF} = {4342BB9E-E31C-448C-B60A-B606D0810C09}
		{D1A54E4C-B403-4327-B86F-B9210B0FA1C0} = {6DD3EDCC-5799-48C9-9631-7F5CF70A37FF}
		{EC17C83C-98DA-4FC4-826E-F29A610F37AB} = {4342BB9E-E31C-448C-B60A-B606D0810C09}
		{FB61038B-209B-4887-AD09-77EEA514A383} = {EC17C83C-98DA-4FC4-826E-F29A610F37AB}
		{077C0D9A-63FA-4CA4-8F44-1CD92AAB5782} = {4342BB9E-E31C-448C-B60A-B606D0810C09}
		{82DA4E01-94A4-4E29-9823-9DC39495AB16} = {077C0D9A-63FA-4CA4-8F44-1CD92AAB5782}
		{346E8EC9-3BAA-44DC-BB86-8711B4FB535C} = {4342BB9E-E31C-448C-B60A-B606D0810C09}
		{F1815D66-E993-4AE0-8CC7-F3EFFDC6EF33} = {346E8EC9-3BAA-44DC-BB86-8711B4FB535C}
		{5736E91D-1561-45E1-AE23-C52AD9830D57} = {346E8EC9-3BAA-44DC-BB86-8711B4FB535C}
		{461D050F-953A-4176-ACB8-3FA473A1544A} = {346E8EC9-3BAA-44DC-BB86-8711B4FB535C}
		{69FC8897-55E9-40BF-89D6-0DDA5731237A} = {346E8EC9-3BAA-44DC-BB86-8711B4FB535C}
		{1B9EA16D-F076-4EF0-B996-75A374D79685} = {F35BB30B-1D06-4D88-9BEE-2C5680899314}
		{16829DFC-B0C1-4C8C-AEA3-F8422B1D4B04} = {F35BB30B-1D06-4D88-9BEE-2C5680899314}
		{16DDD55D-53DC-4813-8D57-930251735910} = {902E7883-9107-4DBA-8213-CAC3EBC5BBFF}
		{4E9B7D15-59AE-4C65-AD5A-21F83CCDD976} = {902E7883-9107-4DBA-8213-CAC3EBC5BBFF}
		{524EC0E1-477F-4548-9A08-A00AF17E22B6} = {077C0D9A-63FA-4CA4-8F44-1CD92AAB5782}
	EndGlobalSection
	GlobalSection(ExtensibilityGlobals) = postSolution
		SolutionGuid = {EA39E627-14DE-40F4-B59F-75D318E210CD}
	EndGlobalSection
EndGlobal
